
Microsoft Visual Studio Solution File, Format Version 12.00
# Visual Studio Version 16
VisualStudioVersion = 16.0.31624.102
MinimumVisualStudioVersion = 10.0.40219.1
Project("{FAE04EC0-301F-11D3-BF4B-00C04F79EFBC}") = "switchCase", "switchCase\switchCase.csproj", "{F94337D4-150A-484E-955C-9FB1E13128DA}"
EndProject
Global
	GlobalSection(SolutionConfigurationPlatforms) = preSolution
		Debug|Any CPU = Debug|Any CPU
		Release|Any CPU = Release|Any CPU
	EndGlobalSection
	GlobalSection(ProjectConfigurationPlatforms) = postSolution
		{F94337D4-150A-484E-955C-9FB1E13128DA}.Debug|Any CPU.ActiveCfg = Debug|Any CPU
		{F94337D4-150A-484E-955C-9FB1E13128DA}.Debug|Any CPU.Build.0 = Debug|Any CPU
		{F94337D4-150A-484E-955C-9FB1E13128DA}.Release|Any CPU.ActiveCfg = Release|Any CPU
		{F94337D4-150A-484E-955C-9FB1E13128DA}.Release|Any CPU.Build.0 = Release|Any CPU
	EndGlobalSection
	GlobalSection(SolutionProperties) = preSolution
		HideSolutionNode = FALSE
	EndGlobalSection
	GlobalSection(ExtensibilityGlobals) = postSolution
		SolutionGuid = {4573FD31-6B2C-4D9B-9869-32423598EAA0}
	EndGlobalSection
EndGlobal
